{
  "version": 1,
  "dependencies": {
    ".NETCoreApp,Version=v3.1": {
      "AspNetCoreRateLimit": {
        "type": "Direct",
        "requested": "[3.2.2, )",
        "resolved": "3.2.2",
        "contentHash": "ayEDHsR0d+c1UZx3c8EjmEw+WCskTjhAyAz4BF3eB2AyRJRzhIHiWbFwJ/hTUmwNs8kt0VigyKnwPonfnmR1JQ==",
        "dependencies": {
          "Microsoft.Extensions.Caching.Abstractions": "3.1.9",
          "Microsoft.Extensions.Logging.Abstractions": "3.1.9",
          "Microsoft.Extensions.Options": "3.1.9",
          "Newtonsoft.Json": "12.0.3"
        }
      },
      "LettuceEncrypt": {
        "type": "Direct",
        "requested": "[1.0.0, )",
        "resolved": "1.0.0",
        "contentHash": "FI8/xustwTndWMhNv9jge/T9rtLNRONSKuT5Il2Bl1xOpIWU1gj8vxHbalm0O2u7J8EM5qMyu4VvDGBpNN17Zw==",
        "dependencies": {
          "Certes": "2.3.3"
        }
      },
      "SteamKit2": {
        "type": "Direct",
        "requested": "[2.3.0, )",
        "resolved": "2.3.0",
        "contentHash": "pDnX90+PQUMc4c+yg7Ge5NGdjt7H+aE4x/XxlYBrO5l/3Rpt0KEoNDHC3m9lZYafSTJZ8xd++mmhEIdvwPZ6KA==",
        "dependencies": {
          "Microsoft.Win32.Registry": "4.7.0",
          "protobuf-net": "2.4.6"
        }
      },
      "Certes": {
        "type": "Transitive",
        "resolved": "2.3.3",
        "contentHash": "oVRNqmApK0YNfZaZfaxtwFwWF5aNMiRPj33oJHWJUxW60mq6J61CWdex+Ghffyk7dafTVk8EBgzO4MAHOCgAJw==",
        "dependencies": {
          "Newtonsoft.Json": "10.0.3",
          "Portable.BouncyCastle": "1.8.1.4"
        }
      },
      "Microsoft.Extensions.Caching.Abstractions": {
        "type": "Transitive",
        "resolved": "3.1.9",
        "contentHash": "/2QsPAsUZD4qvftZkUKHRRRryPDXWh606/iNXPLrulwHLMr9JNsKBJWVqylT3qU92nJok5VoqSblkY9mSyxFyg==",
        "dependencies": {
          "Microsoft.Extensions.Primitives": "3.1.9"
        }
      },
      "Microsoft.Extensions.DependencyInjection.Abstractions": {
        "type": "Transitive",
        "resolved": "3.1.9",
        "contentHash": "8PkcaPwiTPOhqshoY4+rQUbz86X6YpLDLUqXOezh7L2A3pgpBmeBBByYIffofBlvQxDdQ0zB2DkWjbZWyCxRWg=="
      },
      "Microsoft.Extensions.Logging.Abstractions": {
        "type": "Transitive",
        "resolved": "3.1.9",
        "contentHash": "W5fbF8qVR9SMVVJqDQLIR7meWbev6Pu/lbrm7LDNr4Sp7HOotr4k2UULTdFSXOi5aoDdkQZpWnq0ZSpjrR3tjg=="
      },
      "Microsoft.Extensions.Options": {
        "type": "Transitive",
        "resolved": "3.1.9",
        "contentHash": "EIb3G1DL+Rl9MvJR7LjI1wCy2nfTN4y8MflbOftn1HLYQBj/Rwl8kUbGTrSFE01c99Wm4ETjWVsjqKcpFvhPng==",
        "dependencies": {
          "Microsoft.Extensions.DependencyInjection.Abstractions": "3.1.9",
          "Microsoft.Extensions.Primitives": "3.1.9"
        }
      },
      "Microsoft.Extensions.Primitives": {
        "type": "Transitive",
        "resolved": "3.1.9",
        "contentHash": "IrHecH0eGG7/XoeEtv++oLg/sJHRNyeCqlA9RhAo6ig4GpOTjtDr32sBMYuuLtUq8ALahneWkrOzoBAwJ4L4iA=="
      },
      "Microsoft.NETCore.Platforms": {
        "type": "Transitive",
        "resolved": "3.1.0",
        "contentHash": "z7aeg8oHln2CuNulfhiLYxCVMPEwBl3rzicjvIX+4sUuCwvXw5oXQEtbiU2c0z4qYL5L3Kmx0mMA/+t/SbY67w=="
      },
      "Microsoft.Win32.Registry": {
        "type": "Transitive",
        "resolved": "4.7.0",
        "contentHash": "KSrRMb5vNi0CWSGG1++id2ZOs/1QhRqROt+qgbEAdQuGjGrFcl4AOl4/exGPUYz2wUnU42nvJqon1T3U0kPXLA==",
        "dependencies": {
          "System.Security.AccessControl": "4.7.0",
          "System.Security.Principal.Windows": "4.7.0"
        }
      },
      "Newtonsoft.Json": {
        "type": "Transitive",
        "resolved": "12.0.3",
        "contentHash": "6mgjfnRB4jKMlzHSl+VD+oUc1IebOZabkbyWj2RiTgWwYPPuaK1H97G1sHqGwPlS5npiF5Q0OrxN1wni2n5QWg=="
      },
      "Portable.BouncyCastle": {
        "type": "Transitive",
        "resolved": "1.8.1.4",
        "contentHash": "tbwNj323gU2Tdp+CpgkRuxGq8bo4dUp/KGLTvIct2iaL2N7iyMWB75T7MsVzVlHGJ2KwSNi7LMdYutcbhad6kw=="
      },
      "protobuf-net": {
        "type": "Transitive",
        "resolved": "2.4.6",
        "contentHash": "fDYwwGw9yCERTkIzxhmiGmD3i5nB5Pw4roZ9Pi+MPNbNiNbGAA9mVrSSbTjAMNQEBXtwK/HZ6btrO2YwYsVsMw==",
        "dependencies": {
          "System.ServiceModel.Primitives": "4.5.3"
        }
      },
      "System.Private.ServiceModel": {
        "type": "Transitive",
        "resolved": "4.5.3",
        "contentHash": "ancrQgJagx+yC4SZbuE+eShiEAUIF0E1d21TRSoy1C/rTwafAVcBr/fKibkq5TQzyy9uNil2tx2/iaUxsy0S9g==",
        "dependencies": {
          "Microsoft.NETCore.Platforms": "2.1.0",
          "System.Reflection.DispatchProxy": "4.5.0",
          "System.Security.Principal.Windows": "4.5.0"
        }
      },
      "System.Reflection.DispatchProxy": {
        "type": "Transitive",
        "resolved": "4.5.0",
        "contentHash": "+UW1hq11TNSeb+16rIk8hRQ02o339NFyzMc4ma/FqmxBzM30l1c2IherBB4ld1MNcenS48fz8tbt50OW4rVULA=="
      },
      "System.Security.AccessControl": {
        "type": "Transitive",
        "resolved": "4.7.0",
        "contentHash": "JECvTt5aFF3WT3gHpfofL2MNNP6v84sxtXxpqhLBCcDRzqsPBmHhQ6shv4DwwN2tRlzsUxtb3G9M3763rbXKDg==",
        "dependencies": {
          "Microsoft.NETCore.Platforms": "3.1.0",
          "System.Security.Principal.Windows": "4.7.0"
        }
      },
      "System.Security.Principal.Windows": {
        "type": "Transitive",
        "resolved": "4.7.0",
        "contentHash": "ojD0PX0XhneCsUbAZVKdb7h/70vyYMDYs85lwEI+LngEONe/17A0cFaRFqZU+sOEidcVswYWikYOQ9PPfjlbtQ=="
      },
      "System.ServiceModel.Primitives": {
        "type": "Transitive",
        "resolved": "4.5.3",
        "contentHash": "Wc9Hgg4Cmqi416zvEgq2sW1YYCGuhwWzspDclJWlFZqY6EGhFUPZU+kVpl5z9kAgrSOQP7/Uiik+PtSQtmq+5A==",
        "dependencies": {
          "System.Private.ServiceModel": "4.5.3"
        }
      }
    }
  }
}